
Microsoft Visual Studio Solution File, Format Version 12.00
# Visual Studio 2013
Project("{FAE04EC0-301F-11D3-BF4B-00C04F79EFBC}") = "UnityVS.TinyWorld.CSharp", "UnityVS.TinyWorld.CSharp.csproj", "{A6C57B60-1AC8-C39B-0C57-12647C593A45}"
EndProject
Project("{FAE04EC0-301F-11D3-BF4B-00C04F79EFBC}") = "UnityVS.TinyWorld.CSharp.Editor", "UnityVS.TinyWorld.CSharp.Editor.csproj", "{323D11E2-2661-0AEE-0527-5C91115083D3}"
EndProject
Global
	GlobalSection(SolutionConfigurationPlatforms) = preSolution
		Debug|Any CPU = Debug|Any CPU
		Release|Any CPU = Release|Any CPU
	EndGlobalSection
	GlobalSection(ProjectConfigurationPlatforms) = postSolution
		{A6C57B60-1AC8-C39B-0C57-12647C593A45}.Debug|Any CPU.ActiveCfg = Debug|Any CPU
		{A6C57B60-1AC8-C39B-0C57-12647C593A45}.Debug|Any CPU.Build.0 = Debug|Any CPU
		{A6C57B60-1AC8-C39B-0C57-12647C593A45}.Release|Any CPU.ActiveCfg = Release|Any CPU
		{A6C57B60-1AC8-C39B-0C57-12647C593A45}.Release|Any CPU.Build.0 = Release|Any CPU
		{323D11E2-2661-0AEE-0527-5C91115083D3}.Debug|Any CPU.ActiveCfg = Debug|Any CPU
		{323D11E2-2661-0AEE-0527-5C91115083D3}.Debug|Any CPU.Build.0 = Debug|Any CPU
		{323D11E2-2661-0AEE-0527-5C91115083D3}.Release|Any CPU.ActiveCfg = Release|Any CPU
		{323D11E2-2661-0AEE-0527-5C91115083D3}.Release|Any CPU.Build.0 = Release|Any CPU
	EndGlobalSection
	GlobalSection(SolutionProperties) = preSolution
		HideSolutionNode = FALSE
	EndGlobalSection
EndGlobal
